
Microsoft Visual Studio Solution File, Format Version 12.00
# Visual Studio Version 16
VisualStudioVersion = 16.0.31005.135
MinimumVisualStudioVersion = 10.0.40219.1
Project("{FAE04EC0-301F-11D3-BF4B-00C04F79EFBC}") = "ControleDeTarefas.ConsoleApp", "ControleDeTarefas.ConsoleApp\ControleDeTarefas.ConsoleApp.csproj", "{57F84576-A8A4-4400-8164-141D0B620388}"
EndProject
Project("{FAE04EC0-301F-11D3-BF4B-00C04F79EFBC}") = "ControleDeTarefas.Tests", "ControleDeTarefas.Tests\ControleDeTarefas.Tests.csproj", "{9B86B28D-CF52-4BA6-88A2-D4CE5A5928A5}"
EndProject
Project("{00D1A9C2-B5F0-4AF3-8072-F6C62B433612}") = "ControleDeTarefas.ProjetoDB", "ControleDeTarefas.ProjetoDB\ControleDeTarefas.ProjetoDB.sqlproj", "{BF33452D-C6C7-4060-91AA-72183C83891D}"
EndProject
Global
	GlobalSection(SolutionConfigurationPlatforms) = preSolution
		Debug|Any CPU = Debug|Any CPU
		Release|Any CPU = Release|Any CPU
	EndGlobalSection
	GlobalSection(ProjectConfigurationPlatforms) = postSolution
		{57F84576-A8A4-4400-8164-141D0B620388}.Debug|Any CPU.ActiveCfg = Debug|Any CPU
		{57F84576-A8A4-4400-8164-141D0B620388}.Debug|Any CPU.Build.0 = Debug|Any CPU
		{57F84576-A8A4-4400-8164-141D0B620388}.Release|Any CPU.ActiveCfg = Release|Any CPU
		{57F84576-A8A4-4400-8164-141D0B620388}.Release|Any CPU.Build.0 = Release|Any CPU
		{9B86B28D-CF52-4BA6-88A2-D4CE5A5928A5}.Debug|Any CPU.ActiveCfg = Debug|Any CPU
		{9B86B28D-CF52-4BA6-88A2-D4CE5A5928A5}.Debug|Any CPU.Build.0 = Debug|Any CPU
		{9B86B28D-CF52-4BA6-88A2-D4CE5A5928A5}.Release|Any CPU.ActiveCfg = Release|Any CPU
		{9B86B28D-CF52-4BA6-88A2-D4CE5A5928A5}.Release|Any CPU.Build.0 = Release|Any CPU
		{BF33452D-C6C7-4060-91AA-72183C83891D}.Debug|Any CPU.ActiveCfg = Debug|Any CPU
		{BF33452D-C6C7-4060-91AA-72183C83891D}.Debug|Any CPU.Build.0 = Debug|Any CPU
		{BF33452D-C6C7-4060-91AA-72183C83891D}.Debug|Any CPU.Deploy.0 = Debug|Any CPU
		{BF33452D-C6C7-4060-91AA-72183C83891D}.Release|Any CPU.ActiveCfg = Release|Any CPU
		{BF33452D-C6C7-4060-91AA-72183C83891D}.Release|Any CPU.Build.0 = Release|Any CPU
		{BF33452D-C6C7-4060-91AA-72183C83891D}.Release|Any CPU.Deploy.0 = Release|Any CPU
	EndGlobalSection
	GlobalSection(SolutionProperties) = preSolution
		HideSolutionNode = FALSE
	EndGlobalSection
	GlobalSection(ExtensibilityGlobals) = postSolution
		SolutionGuid = {C95645AD-8E47-49F9-9632-7F2A7A337ED3}
	EndGlobalSection
EndGlobal
